
Microsoft Visual Studio Solution File, Format Version 12.00
# Visual Studio 2013
VisualStudioVersion = 12.0.31101.0
MinimumVisualStudioVersion = 10.0.40219.1
Project("{FAE04EC0-301F-11D3-BF4B-00C04F79EFBC}") = "ListViewExtend", "ListViewExtend\ListViewExtend\ListViewExtend.csproj", "{02245AB0-364F-4FAB-9BE7-5AC9BD1BCB84}"
EndProject
Project("{FAE04EC0-301F-11D3-BF4B-00C04F79EFBC}") = "ListViewExtend.iOS", "ListViewExtend\ListViewExtend.iOS\ListViewExtend.iOS.csproj", "{08A21B5D-9BE8-43BE-9DDF-81B57A42C9C0}"
EndProject
Project("{FAE04EC0-301F-11D3-BF4B-00C04F79EFBC}") = "ListViewExtend.Droid", "ListViewExtend\ListViewExtend.Droid\ListViewExtend.Droid.csproj", "{E91EAD68-0752-4A2E-B47E-B9A3DBAD31AB}"
EndProject
Project("{FAE04EC0-301F-11D3-BF4B-00C04F79EFBC}") = "ListViewExtend.WinPhone", "ListViewExtend\ListViewExtend.WinPhone\ListViewExtend.WinPhone.csproj", "{71DDEDBD-30D0-4C95-8500-FF7D2E71EE3A}"
EndProject
Global
	GlobalSection(SolutionConfigurationPlatforms) = preSolution
		Ad-Hoc|Any CPU = Ad-Hoc|Any CPU
		Ad-Hoc|ARM = Ad-Hoc|ARM
		Ad-Hoc|iPhone = Ad-Hoc|iPhone
		Ad-Hoc|iPhoneSimulator = Ad-Hoc|iPhoneSimulator
		Ad-Hoc|Mixed Platforms = Ad-Hoc|Mixed Platforms
		Ad-Hoc|x86 = Ad-Hoc|x86
		AppStore|Any CPU = AppStore|Any CPU
		AppStore|ARM = AppStore|ARM
		AppStore|iPhone = AppStore|iPhone
		AppStore|iPhoneSimulator = AppStore|iPhoneSimulator
		AppStore|Mixed Platforms = AppStore|Mixed Platforms
		AppStore|x86 = AppStore|x86
		Debug|Any CPU = Debug|Any CPU
		Debug|ARM = Debug|ARM
		Debug|iPhone = Debug|iPhone
		Debug|iPhoneSimulator = Debug|iPhoneSimulator
		Debug|Mixed Platforms = Debug|Mixed Platforms
		Debug|x86 = Debug|x86
		Release|Any CPU = Release|Any CPU
		Release|ARM = Release|ARM
		Release|iPhone = Release|iPhone
		Release|iPhoneSimulator = Release|iPhoneSimulator
		Release|Mixed Platforms = Release|Mixed Platforms
		Release|x86 = Release|x86
	EndGlobalSection
	GlobalSection(ProjectConfigurationPlatforms) = postSolution
		{02245AB0-364F-4FAB-9BE7-5AC9BD1BCB84}.Ad-Hoc|Any CPU.ActiveCfg = Release|Any CPU
		{02245AB0-364F-4FAB-9BE7-5AC9BD1BCB84}.Ad-Hoc|Any CPU.Build.0 = Release|Any CPU
		{02245AB0-364F-4FAB-9BE7-5AC9BD1BCB84}.Ad-Hoc|ARM.ActiveCfg = Release|Any CPU
		{02245AB0-364F-4FAB-9BE7-5AC9BD1BCB84}.Ad-Hoc|iPhone.ActiveCfg = Release|Any CPU
		{02245AB0-364F-4FAB-9BE7-5AC9BD1BCB84}.Ad-Hoc|iPhoneSimulator.ActiveCfg = Release|Any CPU
		{02245AB0-364F-4FAB-9BE7-5AC9BD1BCB84}.Ad-Hoc|Mixed Platforms.ActiveCfg = Release|Any CPU
		{02245AB0-364F-4FAB-9BE7-5AC9BD1BCB84}.Ad-Hoc|Mixed Platforms.Build.0 = Release|Any CPU
		{02245AB0-364F-4FAB-9BE7-5AC9BD1BCB84}.Ad-Hoc|x86.ActiveCfg = Release|Any CPU
		{02245AB0-364F-4FAB-9BE7-5AC9BD1BCB84}.AppStore|Any CPU.ActiveCfg = Release|Any CPU
		{02245AB0-364F-4FAB-9BE7-5AC9BD1BCB84}.AppStore|Any CPU.Build.0 = Release|Any CPU
		{02245AB0-364F-4FAB-9BE7-5AC9BD1BCB84}.AppStore|ARM.ActiveCfg = Release|Any CPU
		{02245AB0-364F-4FAB-9BE7-5AC9BD1BCB84}.AppStore|iPhone.ActiveCfg = Release|Any CPU
		{02245AB0-364F-4FAB-9BE7-5AC9BD1BCB84}.AppStore|iPhoneSimulator.ActiveCfg = Release|Any CPU
		{02245AB0-364F-4FAB-9BE7-5AC9BD1BCB84}.AppStore|Mixed Platforms.ActiveCfg = Release|Any CPU
		{02245AB0-364F-4FAB-9BE7-5AC9BD1BCB84}.AppStore|Mixed Platforms.Build.0 = Release|Any CPU
		{02245AB0-364F-4FAB-9BE7-5AC9BD1BCB84}.AppStore|x86.ActiveCfg = Release|Any CPU
		{02245AB0-364F-4FAB-9BE7-5AC9BD1BCB84}.Debug|Any CPU.ActiveCfg = Debug|Any CPU
		{02245AB0-364F-4FAB-9BE7-5AC9BD1BCB84}.Debug|Any CPU.Build.0 = Debug|Any CPU
		{02245AB0-364F-4FAB-9BE7-5AC9BD1BCB84}.Debug|ARM.ActiveCfg = Debug|Any CPU
		{02245AB0-364F-4FAB-9BE7-5AC9BD1BCB84}.Debug|iPhone.ActiveCfg = Debug|Any CPU
		{02245AB0-364F-4FAB-9BE7-5AC9BD1BCB84}.Debug|iPhoneSimulator.ActiveCfg = Debug|Any CPU
		{02245AB0-364F-4FAB-9BE7-5AC9BD1BCB84}.Debug|Mixed Platforms.ActiveCfg = Debug|Any CPU
		{02245AB0-364F-4FAB-9BE7-5AC9BD1BCB84}.Debug|Mixed Platforms.Build.0 = Debug|Any CPU
		{02245AB0-364F-4FAB-9BE7-5AC9BD1BCB84}.Debug|x86.ActiveCfg = Debug|Any CPU
		{02245AB0-364F-4FAB-9BE7-5AC9BD1BCB84}.Release|Any CPU.ActiveCfg = Release|Any CPU
		{02245AB0-364F-4FAB-9BE7-5AC9BD1BCB84}.Release|Any CPU.Build.0 = Release|Any CPU
		{02245AB0-364F-4FAB-9BE7-5AC9BD1BCB84}.Release|ARM.ActiveCfg = Release|Any CPU
		{02245AB0-364F-4FAB-9BE7-5AC9BD1BCB84}.Release|iPhone.ActiveCfg = Release|Any CPU
		{02245AB0-364F-4FAB-9BE7-5AC9BD1BCB84}.Release|iPhoneSimulator.ActiveCfg = Release|Any CPU
		{02245AB0-364F-4FAB-9BE7-5AC9BD1BCB84}.Release|Mixed Platforms.ActiveCfg = Release|Any CPU
		{02245AB0-364F-4FAB-9BE7-5AC9BD1BCB84}.Release|Mixed Platforms.Build.0 = Release|Any CPU
		{02245AB0-364F-4FAB-9BE7-5AC9BD1BCB84}.Release|x86.ActiveCfg = Release|Any CPU
		{08A21B5D-9BE8-43BE-9DDF-81B57A42C9C0}.Ad-Hoc|Any CPU.ActiveCfg = Ad-Hoc|iPhone
		{08A21B5D-9BE8-43BE-9DDF-81B57A42C9C0}.Ad-Hoc|ARM.ActiveCfg = Ad-Hoc|iPhone
		{08A21B5D-9BE8-43BE-9DDF-81B57A42C9C0}.Ad-Hoc|iPhone.ActiveCfg = Ad-Hoc|iPhone
		{08A21B5D-9BE8-43BE-9DDF-81B57A42C9C0}.Ad-Hoc|iPhone.Build.0 = Ad-Hoc|iPhone
		{08A21B5D-9BE8-43BE-9DDF-81B57A42C9C0}.Ad-Hoc|iPhoneSimulator.ActiveCfg = Ad-Hoc|iPhoneSimulator
		{08A21B5D-9BE8-43BE-9DDF-81B57A42C9C0}.Ad-Hoc|iPhoneSimulator.Build.0 = Ad-Hoc|iPhoneSimulator
		{08A21B5D-9BE8-43BE-9DDF-81B57A42C9C0}.Ad-Hoc|Mixed Platforms.ActiveCfg = Ad-Hoc|iPhone
		{08A21B5D-9BE8-43BE-9DDF-81B57A42C9C0}.Ad-Hoc|Mixed Platforms.Build.0 = Ad-Hoc|iPhone
		{08A21B5D-9BE8-43BE-9DDF-81B57A42C9C0}.Ad-Hoc|x86.ActiveCfg = Ad-Hoc|iPhone
		{08A21B5D-9BE8-43BE-9DDF-81B57A42C9C0}.AppStore|Any CPU.ActiveCfg = AppStore|iPhone
		{08A21B5D-9BE8-43BE-9DDF-81B57A42C9C0}.AppStore|ARM.ActiveCfg = AppStore|iPhone
		{08A21B5D-9BE8-43BE-9DDF-81B57A42C9C0}.AppStore|iPhone.ActiveCfg = AppStore|iPhone
		{08A21B5D-9BE8-43BE-9DDF-81B57A42C9C0}.AppStore|iPhone.Build.0 = AppStore|iPhone
		{08A21B5D-9BE8-43BE-9DDF-81B57A42C9C0}.AppStore|iPhoneSimulator.ActiveCfg = AppStore|iPhoneSimulator
		{08A21B5D-9BE8-43BE-9DDF-81B57A42C9C0}.AppStore|iPhoneSimulator.Build.0 = AppStore|iPhoneSimulator
		{08A21B5D-9BE8-43BE-9DDF-81B57A42C9C0}.AppStore|Mixed Platforms.ActiveCfg = AppStore|iPhone
		{08A21B5D-9BE8-43BE-9DDF-81B57A42C9C0}.AppStore|Mixed Platforms.Build.0 = AppStore|iPhone
		{08A21B5D-9BE8-43BE-9DDF-81B57A42C9C0}.AppStore|x86.ActiveCfg = AppStore|iPhone
		{08A21B5D-9BE8-43BE-9DDF-81B57A42C9C0}.Debug|Any CPU.ActiveCfg = Debug|iPhone
		{08A21B5D-9BE8-43BE-9DDF-81B57A42C9C0}.Debug|ARM.ActiveCfg = Debug|iPhone
		{08A21B5D-9BE8-43BE-9DDF-81B57A42C9C0}.Debug|iPhone.ActiveCfg = Debug|iPhone
		{08A21B5D-9BE8-43BE-9DDF-81B57A42C9C0}.Debug|iPhone.Build.0 = Debug|iPhone
		{08A21B5D-9BE8-43BE-9DDF-81B57A42C9C0}.Debug|iPhoneSimulator.ActiveCfg = Debug|iPhoneSimulator
		{08A21B5D-9BE8-43BE-9DDF-81B57A42C9C0}.Debug|iPhoneSimulator.Build.0 = Debug|iPhoneSimulator
		{08A21B5D-9BE8-43BE-9DDF-81B57A42C9C0}.Debug|Mixed Platforms.ActiveCfg = Debug|iPhone
		{08A21B5D-9BE8-43BE-9DDF-81B57A42C9C0}.Debug|Mixed Platforms.Build.0 = Debug|iPhone
		{08A21B5D-9BE8-43BE-9DDF-81B57A42C9C0}.Debug|x86.ActiveCfg = Debug|iPhone
		{08A21B5D-9BE8-43BE-9DDF-81B57A42C9C0}.Release|Any CPU.ActiveCfg = Release|iPhone
		{08A21B5D-9BE8-43BE-9DDF-81B57A42C9C0}.Release|ARM.ActiveCfg = Release|iPhone
		{08A21B5D-9BE8-43BE-9DDF-81B57A42C9C0}.Release|iPhone.ActiveCfg = Release|iPhone
		{08A21B5D-9BE8-43BE-9DDF-81B57A42C9C0}.Release|iPhone.Build.0 = Release|iPhone
		{08A21B5D-9BE8-43BE-9DDF-81B57A42C9C0}.Release|iPhoneSimulator.ActiveCfg = Release|iPhoneSimulator
		{08A21B5D-9BE8-43BE-9DDF-81B57A42C9C0}.Release|iPhoneSimulator.Build.0 = Release|iPhoneSimulator
		{08A21B5D-9BE8-43BE-9DDF-81B57A42C9C0}.Release|Mixed Platforms.ActiveCfg = Release|iPhone
		{08A21B5D-9BE8-43BE-9DDF-81B57A42C9C0}.Release|Mixed Platforms.Build.0 = Release|iPhone
		{08A21B5D-9BE8-43BE-9DDF-81B57A42C9C0}.Release|x86.ActiveCfg = Release|iPhone
		{E91EAD68-0752-4A2E-B47E-B9A3DBAD31AB}.Ad-Hoc|Any CPU.ActiveCfg = Release|Any CPU
		{E91EAD68-0752-4A2E-B47E-B9A3DBAD31AB}.Ad-Hoc|Any CPU.Build.0 = Release|Any CPU
		{E91EAD68-0752-4A2E-B47E-B9A3DBAD31AB}.Ad-Hoc|Any CPU.Deploy.0 = Release|Any CPU
		{E91EAD68-0752-4A2E-B47E-B9A3DBAD31AB}.Ad-Hoc|ARM.ActiveCfg = Release|Any CPU
		{E91EAD68-0752-4A2E-B47E-B9A3DBAD31AB}.Ad-Hoc|iPhone.ActiveCfg = Release|Any CPU
		{E91EAD68-0752-4A2E-B47E-B9A3DBAD31AB}.Ad-Hoc|iPhoneSimulator.ActiveCfg = Release|Any CPU
		{E91EAD68-0752-4A2E-B47E-B9A3DBAD31AB}.Ad-Hoc|Mixed Platforms.ActiveCfg = Release|Any CPU
		{E91EAD68-0752-4A2E-B47E-B9A3DBAD31AB}.Ad-Hoc|Mixed Platforms.Build.0 = Release|Any CPU
		{E91EAD68-0752-4A2E-B47E-B9A3DBAD31AB}.Ad-Hoc|Mixed Platforms.Deploy.0 = Release|Any CPU
		{E91EAD68-0752-4A2E-B47E-B9A3DBAD31AB}.Ad-Hoc|x86.ActiveCfg = Release|Any CPU
		{E91EAD68-0752-4A2E-B47E-B9A3DBAD31AB}.AppStore|Any CPU.ActiveCfg = Release|Any CPU
		{E91EAD68-0752-4A2E-B47E-B9A3DBAD31AB}.AppStore|Any CPU.Build.0 = Release|Any CPU
		{E91EAD68-0752-4A2E-B47E-B9A3DBAD31AB}.AppStore|Any CPU.Deploy.0 = Release|Any CPU
		{E91EAD68-0752-4A2E-B47E-B9A3DBAD31AB}.AppStore|ARM.ActiveCfg = Release|Any CPU
		{E91EAD68-0752-4A2E-B47E-B9A3DBAD31AB}.AppStore|iPhone.ActiveCfg = Release|Any CPU
		{E91EAD68-0752-4A2E-B47E-B9A3DBAD31AB}.AppStore|iPhoneSimulator.ActiveCfg = Release|Any CPU
		{E91EAD68-0752-4A2E-B47E-B9A3DBAD31AB}.AppStore|Mixed Platforms.ActiveCfg = Release|Any CPU
		{E91EAD68-0752-4A2E-B47E-B9A3DBAD31AB}.AppStore|Mixed Platforms.Build.0 = Release|Any CPU
		{E91EAD68-0752-4A2E-B47E-B9A3DBAD31AB}.AppStore|Mixed Platforms.Deploy.0 = Release|Any CPU
		{E91EAD68-0752-4A2E-B47E-B9A3DBAD31AB}.AppStore|x86.ActiveCfg = Release|Any CPU
		{E91EAD68-0752-4A2E-B47E-B9A3DBAD31AB}.Debug|Any CPU.ActiveCfg = Debug|Any CPU
		{E91EAD68-0752-4A2E-B47E-B9A3DBAD31AB}.Debug|Any CPU.Build.0 = Debug|Any CPU
		{E91EAD68-0752-4A2E-B47E-B9A3DBAD31AB}.Debug|Any CPU.Deploy.0 = Debug|Any CPU
		{E91EAD68-0752-4A2E-B47E-B9A3DBAD31AB}.Debug|ARM.ActiveCfg = Debug|Any CPU
		{E91EAD68-0752-4A2E-B47E-B9A3DBAD31AB}.Debug|iPhone.ActiveCfg = Debug|Any CPU
		{E91EAD68-0752-4A2E-B47E-B9A3DBAD31AB}.Debug|iPhoneSimulator.ActiveCfg = Debug|Any CPU
		{E91EAD68-0752-4A2E-B47E-B9A3DBAD31AB}.Debug|Mixed Platforms.ActiveCfg = Debug|Any CPU
		{E91EAD68-0752-4A2E-B47E-B9A3DBAD31AB}.Debug|Mixed Platforms.Build.0 = Debug|Any CPU
		{E91EAD68-0752-4A2E-B47E-B9A3DBAD31AB}.Debug|Mixed Platforms.Deploy.0 = Debug|Any CPU
		{E91EAD68-0752-4A2E-B47E-B9A3DBAD31AB}.Debug|x86.ActiveCfg = Debug|Any CPU
		{E91EAD68-0752-4A2E-B47E-B9A3DBAD31AB}.Release|Any CPU.ActiveCfg = Release|Any CPU
		{E91EAD68-0752-4A2E-B47E-B9A3DBAD31AB}.Release|Any CPU.Build.0 = Release|Any CPU
		{E91EAD68-0752-4A2E-B47E-B9A3DBAD31AB}.Release|Any CPU.Deploy.0 = Release|Any CPU
		{E91EAD68-0752-4A2E-B47E-B9A3DBAD31AB}.Release|ARM.ActiveCfg = Release|Any CPU
		{E91EAD68-0752-4A2E-B47E-B9A3DBAD31AB}.Release|iPhone.ActiveCfg = Release|Any CPU
		{E91EAD68-0752-4A2E-B47E-B9A3DBAD31AB}.Release|iPhoneSimulator.ActiveCfg = Release|Any CPU
		{E91EAD68-0752-4A2E-B47E-B9A3DBAD31AB}.Release|Mixed Platforms.ActiveCfg = Release|Any CPU
		{E91EAD68-0752-4A2E-B47E-B9A3DBAD31AB}.Release|Mixed Platforms.Build.0 = Release|Any CPU
		{E91EAD68-0752-4A2E-B47E-B9A3DBAD31AB}.Release|Mixed Platforms.Deploy.0 = Release|Any CPU
		{E91EAD68-0752-4A2E-B47E-B9A3DBAD31AB}.Release|x86.ActiveCfg = Release|Any CPU
		{71DDEDBD-30D0-4C95-8500-FF7D2E71EE3A}.Ad-Hoc|Any CPU.ActiveCfg = Release|Any CPU
		{71DDEDBD-30D0-4C95-8500-FF7D2E71EE3A}.Ad-Hoc|Any CPU.Build.0 = Release|Any CPU
		{71DDEDBD-30D0-4C95-8500-FF7D2E71EE3A}.Ad-Hoc|Any CPU.Deploy.0 = Release|Any CPU
		{71DDEDBD-30D0-4C95-8500-FF7D2E71EE3A}.Ad-Hoc|ARM.ActiveCfg = Release|ARM
		{71DDEDBD-30D0-4C95-8500-FF7D2E71EE3A}.Ad-Hoc|ARM.Build.0 = Release|ARM
		{71DDEDBD-30D0-4C95-8500-FF7D2E71EE3A}.Ad-Hoc|ARM.Deploy.0 = Release|ARM
		{71DDEDBD-30D0-4C95-8500-FF7D2E71EE3A}.Ad-Hoc|iPhone.ActiveCfg = Release|Any CPU
		{71DDEDBD-30D0-4C95-8500-FF7D2E71EE3A}.Ad-Hoc|iPhoneSimulator.ActiveCfg = Release|Any CPU
		{71DDEDBD-30D0-4C95-8500-FF7D2E71EE3A}.Ad-Hoc|Mixed Platforms.ActiveCfg = Release|x86
		{71DDEDBD-30D0-4C95-8500-FF7D2E71EE3A}.Ad-Hoc|Mixed Platforms.Build.0 = Release|x86
		{71DDEDBD-30D0-4C95-8500-FF7D2E71EE3A}.Ad-Hoc|Mixed Platforms.Deploy.0 = Release|x86
		{71DDEDBD-30D0-4C95-8500-FF7D2E71EE3A}.Ad-Hoc|x86.ActiveCfg = Release|x86
		{71DDEDBD-30D0-4C95-8500-FF7D2E71EE3A}.Ad-Hoc|x86.Build.0 = Release|x86
		{71DDEDBD-30D0-4C95-8500-FF7D2E71EE3A}.Ad-Hoc|x86.Deploy.0 = Release|x86
		{71DDEDBD-30D0-4C95-8500-FF7D2E71EE3A}.AppStore|Any CPU.ActiveCfg = Release|Any CPU
		{71DDEDBD-30D0-4C95-8500-FF7D2E71EE3A}.AppStore|Any CPU.Build.0 = Release|Any CPU
		{71DDEDBD-30D0-4C95-8500-FF7D2E71EE3A}.AppStore|Any CPU.Deploy.0 = Release|Any CPU
		{71DDEDBD-30D0-4C95-8500-FF7D2E71EE3A}.AppStore|ARM.ActiveCfg = Release|ARM
		{71DDEDBD-30D0-4C95-8500-FF7D2E71EE3A}.AppStore|ARM.Build.0 = Release|ARM
		{71DDEDBD-30D0-4C95-8500-FF7D2E71EE3A}.AppStore|ARM.Deploy.0 = Release|ARM
		{71DDEDBD-30D0-4C95-8500-FF7D2E71EE3A}.AppStore|iPhone.ActiveCfg = Release|Any CPU
		{71DDEDBD-30D0-4C95-8500-FF7D2E71EE3A}.AppStore|iPhoneSimulator.ActiveCfg = Release|Any CPU
		{71DDEDBD-30D0-4C95-8500-FF7D2E71EE3A}.AppStore|Mixed Platforms.ActiveCfg = Release|x86
		{71DDEDBD-30D0-4C95-8500-FF7D2E71EE3A}.AppStore|Mixed Platforms.Build.0 = Release|x86
		{71DDEDBD-30D0-4C95-8500-FF7D2E71EE3A}.AppStore|Mixed Platforms.Deploy.0 = Release|x86
		{71DDEDBD-30D0-4C95-8500-FF7D2E71EE3A}.AppStore|x86.ActiveCfg = Release|x86
		{71DDEDBD-30D0-4C95-8500-FF7D2E71EE3A}.AppStore|x86.Build.0 = Release|x86
		{71DDEDBD-30D0-4C95-8500-FF7D2E71EE3A}.AppStore|x86.Deploy.0 = Release|x86
		{71DDEDBD-30D0-4C95-8500-FF7D2E71EE3A}.Debug|Any CPU.ActiveCfg = Debug|Any CPU
		{71DDEDBD-30D0-4C95-8500-FF7D2E71EE3A}.Debug|Any CPU.Build.0 = Debug|Any CPU
		{71DDEDBD-30D0-4C95-8500-FF7D2E71EE3A}.Debug|Any CPU.Deploy.0 = Debug|Any CPU
		{71DDEDBD-30D0-4C95-8500-FF7D2E71EE3A}.Debug|ARM.ActiveCfg = Debug|ARM
		{71DDEDBD-30D0-4C95-8500-FF7D2E71EE3A}.Debug|ARM.Build.0 = Debug|ARM
		{71DDEDBD-30D0-4C95-8500-FF7D2E71EE3A}.Debug|ARM.Deploy.0 = Debug|ARM
		{71DDEDBD-30D0-4C95-8500-FF7D2E71EE3A}.Debug|iPhone.ActiveCfg = Debug|Any CPU
		{71DDEDBD-30D0-4C95-8500-FF7D2E71EE3A}.Debug|iPhoneSimulator.ActiveCfg = Debug|Any CPU
		{71DDEDBD-30D0-4C95-8500-FF7D2E71EE3A}.Debug|Mixed Platforms.ActiveCfg = Debug|x86
		{71DDEDBD-30D0-4C95-8500-FF7D2E71EE3A}.Debug|Mixed Platforms.Build.0 = Debug|x86
		{71DDEDBD-30D0-4C95-8500-FF7D2E71EE3A}.Debug|Mixed Platforms.Deploy.0 = Debug|x86
		{71DDEDBD-30D0-4C95-8500-FF7D2E71EE3A}.Debug|x86.ActiveCfg = Debug|x86
		{71DDEDBD-30D0-4C95-8500-FF7D2E71EE3A}.Debug|x86.Build.0 = Debug|x86
		{71DDEDBD-30D0-4C95-8500-FF7D2E71EE3A}.Debug|x86.Deploy.0 = Debug|x86
		{71DDEDBD-30D0-4C95-8500-FF7D2E71EE3A}.Release|Any CPU.ActiveCfg = Release|Any CPU
		{71DDEDBD-30D0-4C95-8500-FF7D2E71EE3A}.Release|Any CPU.Build.0 = Release|Any CPU
		{71DDEDBD-30D0-4C95-8500-FF7D2E71EE3A}.Release|Any CPU.Deploy.0 = Release|Any CPU
		{71DDEDBD-30D0-4C95-8500-FF7D2E71EE3A}.Release|ARM.ActiveCfg = Release|ARM
		{71DDEDBD-30D0-4C95-8500-FF7D2E71EE3A}.Release|ARM.Build.0 = Release|ARM
		{71DDEDBD-30D0-4C95-8500-FF7D2E71EE3A}.Release|ARM.Deploy.0 = Release|ARM
		{71DDEDBD-30D0-4C95-8500-FF7D2E71EE3A}.Release|iPhone.ActiveCfg = Release|Any CPU
		{71DDEDBD-30D0-4C95-8500-FF7D2E71EE3A}.Release|iPhoneSimulator.ActiveCfg = Release|Any CPU
		{71DDEDBD-30D0-4C95-8500-FF7D2E71EE3A}.Release|Mixed Platforms.ActiveCfg = Release|x86
		{71DDEDBD-30D0-4C95-8500-FF7D2E71EE3A}.Release|Mixed Platforms.Build.0 = Release|x86
		{71DDEDBD-30D0-4C95-8500-FF7D2E71EE3A}.Release|Mixed Platforms.Deploy.0 = Release|x86
		{71DDEDBD-30D0-4C95-8500-FF7D2E71EE3A}.Release|x86.ActiveCfg = Release|x86
		{71DDEDBD-30D0-4C95-8500-FF7D2E71EE3A}.Release|x86.Build.0 = Release|x86
		{71DDEDBD-30D0-4C95-8500-FF7D2E71EE3A}.Release|x86.Deploy.0 = Release|x86
	EndGlobalSection
	GlobalSection(SolutionProperties) = preSolution
		HideSolutionNode = FALSE
	EndGlobalSection
EndGlobal
